
Microsoft Visual Studio Solution File, Format Version 12.00
# Visual Studio Version 17
VisualStudioVersion = 17.6.33829.357
MinimumVisualStudioVersion = 10.0.40219.1
Project("{2150E333-8FDC-42A3-9474-1A3956D46DE8}") = "Application", "Application", "{A42E1448-5C15-4661-A91B-207ADB13D700}"
EndProject
Project("{2150E333-8FDC-42A3-9474-1A3956D46DE8}") = "Domain", "Domain", "{6D4D50A0-7EC7-4F2A-8BE4-154816A33B51}"
EndProject
Project("{2150E333-8FDC-42A3-9474-1A3956D46DE8}") = "Service", "Service", "{E5AA3368-C1E1-4BF1-8F5A-952DCC0FE7E3}"
EndProject
Project("{2150E333-8FDC-42A3-9474-1A3956D46DE8}") = "Infra", "Infra", "{A01BA48E-76D3-4E9A-9666-541E2CB8034D}"
EndProject
Project("{9A19103F-16F7-4668-BE54-9A1E7A4F7556}") = "Domain", "Domain\Domain.csproj", "{5EC8C6FD-EB09-4118-BBE3-E1E5BAE3E690}"
EndProject
Project("{2150E333-8FDC-42A3-9474-1A3956D46DE8}") = "InfraData", "InfraData", "{8E49137F-B21D-4537-8D5E-15CE6FFFA562}"
EndProject
Project("{2150E333-8FDC-42A3-9474-1A3956D46DE8}") = "CrossCutting", "CrossCutting", "{ECC2D8A1-0EAE-4F4D-BFF5-3F4876B44210}"
EndProject
Project("{9A19103F-16F7-4668-BE54-9A1E7A4F7556}") = "CrossCutting", "CrossCutting\CrossCutting.csproj", "{2EEA7923-B61D-43DA-BB0E-EF313B0CB7B6}"
EndProject
Project("{9A19103F-16F7-4668-BE54-9A1E7A4F7556}") = "InfraData", "InfraData\InfraData.csproj", "{4D3B0BFC-E4DA-4442-B904-E7A40EF55B74}"
EndProject
Project("{9A19103F-16F7-4668-BE54-9A1E7A4F7556}") = "Service", "Service\Service.csproj", "{DFD05C2C-EE8E-4CB1-A055-FE78700B899E}"
EndProject
Project("{FAE04EC0-301F-11D3-BF4B-00C04F79EFBC}") = "Finance_Manager", "Finance_Manager\Finance_Manager.csproj", "{1C5AD8AD-C244-4CC9-B40C-5BA32E44F51D}"
EndProject
Global
	GlobalSection(SolutionConfigurationPlatforms) = preSolution
		Debug|Any CPU = Debug|Any CPU
		Release|Any CPU = Release|Any CPU
	EndGlobalSection
	GlobalSection(ProjectConfigurationPlatforms) = postSolution
		{5EC8C6FD-EB09-4118-BBE3-E1E5BAE3E690}.Debug|Any CPU.ActiveCfg = Debug|Any CPU
		{5EC8C6FD-EB09-4118-BBE3-E1E5BAE3E690}.Debug|Any CPU.Build.0 = Debug|Any CPU
		{5EC8C6FD-EB09-4118-BBE3-E1E5BAE3E690}.Release|Any CPU.ActiveCfg = Release|Any CPU
		{5EC8C6FD-EB09-4118-BBE3-E1E5BAE3E690}.Release|Any CPU.Build.0 = Release|Any CPU
		{2EEA7923-B61D-43DA-BB0E-EF313B0CB7B6}.Debug|Any CPU.ActiveCfg = Debug|Any CPU
		{2EEA7923-B61D-43DA-BB0E-EF313B0CB7B6}.Debug|Any CPU.Build.0 = Debug|Any CPU
		{2EEA7923-B61D-43DA-BB0E-EF313B0CB7B6}.Release|Any CPU.ActiveCfg = Release|Any CPU
		{2EEA7923-B61D-43DA-BB0E-EF313B0CB7B6}.Release|Any CPU.Build.0 = Release|Any CPU
		{4D3B0BFC-E4DA-4442-B904-E7A40EF55B74}.Debug|Any CPU.ActiveCfg = Debug|Any CPU
		{4D3B0BFC-E4DA-4442-B904-E7A40EF55B74}.Debug|Any CPU.Build.0 = Debug|Any CPU
		{4D3B0BFC-E4DA-4442-B904-E7A40EF55B74}.Release|Any CPU.ActiveCfg = Release|Any CPU
		{4D3B0BFC-E4DA-4442-B904-E7A40EF55B74}.Release|Any CPU.Build.0 = Release|Any CPU
		{DFD05C2C-EE8E-4CB1-A055-FE78700B899E}.Debug|Any CPU.ActiveCfg = Debug|Any CPU
		{DFD05C2C-EE8E-4CB1-A055-FE78700B899E}.Debug|Any CPU.Build.0 = Debug|Any CPU
		{DFD05C2C-EE8E-4CB1-A055-FE78700B899E}.Release|Any CPU.ActiveCfg = Release|Any CPU
		{DFD05C2C-EE8E-4CB1-A055-FE78700B899E}.Release|Any CPU.Build.0 = Release|Any CPU
		{1C5AD8AD-C244-4CC9-B40C-5BA32E44F51D}.Debug|Any CPU.ActiveCfg = Debug|Any CPU
		{1C5AD8AD-C244-4CC9-B40C-5BA32E44F51D}.Debug|Any CPU.Build.0 = Debug|Any CPU
		{1C5AD8AD-C244-4CC9-B40C-5BA32E44F51D}.Release|Any CPU.ActiveCfg = Release|Any CPU
		{1C5AD8AD-C244-4CC9-B40C-5BA32E44F51D}.Release|Any CPU.Build.0 = Release|Any CPU
	EndGlobalSection
	GlobalSection(SolutionProperties) = preSolution
		HideSolutionNode = FALSE
	EndGlobalSection
	GlobalSection(NestedProjects) = preSolution
		{5EC8C6FD-EB09-4118-BBE3-E1E5BAE3E690} = {6D4D50A0-7EC7-4F2A-8BE4-154816A33B51}
		{8E49137F-B21D-4537-8D5E-15CE6FFFA562} = {A01BA48E-76D3-4E9A-9666-541E2CB8034D}
		{ECC2D8A1-0EAE-4F4D-BFF5-3F4876B44210} = {A01BA48E-76D3-4E9A-9666-541E2CB8034D}
		{2EEA7923-B61D-43DA-BB0E-EF313B0CB7B6} = {ECC2D8A1-0EAE-4F4D-BFF5-3F4876B44210}
		{4D3B0BFC-E4DA-4442-B904-E7A40EF55B74} = {8E49137F-B21D-4537-8D5E-15CE6FFFA562}
		{DFD05C2C-EE8E-4CB1-A055-FE78700B899E} = {E5AA3368-C1E1-4BF1-8F5A-952DCC0FE7E3}
		{1C5AD8AD-C244-4CC9-B40C-5BA32E44F51D} = {A42E1448-5C15-4661-A91B-207ADB13D700}
	EndGlobalSection
	GlobalSection(ExtensibilityGlobals) = postSolution
		SolutionGuid = {91EF05FE-E4F4-460F-8B70-649B3CC0C023}
	EndGlobalSection
EndGlobal
